
Microsoft Visual Studio Solution File, Format Version 12.00
# Visual Studio 2012
Project("{FAE04EC0-301F-11D3-BF4B-00C04F79EFBC}") = "MvcEntretenimientoWeb", "MvcEntretenimientoWeb\MvcEntretenimientoWeb.csproj", "{88646EB4-E4A9-4757-B6C4-B4496F518F0D}"
	ProjectSection(ProjectDependencies) = postProject
		{96B0D3FA-2117-4359-96A0-62B33AAAE837} = {96B0D3FA-2117-4359-96A0-62B33AAAE837}
	EndProjectSection
EndProject
Project("{FAE04EC0-301F-11D3-BF4B-00C04F79EFBC}") = "WCFConsole", "WCFConsole\WCFConsole.csproj", "{96B0D3FA-2117-4359-96A0-62B33AAAE837}"
EndProject
Project("{FAE04EC0-301F-11D3-BF4B-00C04F79EFBC}") = "BEEntities", "BEEntities\BEEntities.csproj", "{E4EE00BD-AE19-4D60-9A97-A15EC1178A27}"
EndProject
Project("{FAE04EC0-301F-11D3-BF4B-00C04F79EFBC}") = "DAEntretenimiento", "DAEntretenimiento\DAEntretenimiento.csproj", "{E445C140-DF24-4218-BD7B-DE736299683F}"
EndProject
Project("{FAE04EC0-301F-11D3-BF4B-00C04F79EFBC}") = "MySql.Data.Extension", "MySql.Data.Extension\MySql.Data.Extension.csproj", "{4E2A1497-BD2C-46E1-80B7-82E2B4ECA21B}"
EndProject
Project("{FAE04EC0-301F-11D3-BF4B-00C04F79EFBC}") = "MySql.Web.Extension", "MySql.Web.Extension\MySql.Web.Extension.csproj", "{E3E3B30A-0DBD-462B-8CA0-9377AFA84381}"
EndProject
Project("{FAE04EC0-301F-11D3-BF4B-00C04F79EFBC}") = "SimpleMembershipTest.Dac", "SimpleMembershipTest.Dac\SimpleMembershipTest.Dac.csproj", "{B5C5F5DC-37EC-4C34-B4EB-ED84D7EDD683}"
EndProject
Global
	GlobalSection(SolutionConfigurationPlatforms) = preSolution
		Debug|Any CPU = Debug|Any CPU
		Debug|x64 = Debug|x64
		Debug|x86 = Debug|x86
		Release|Any CPU = Release|Any CPU
		Release|x64 = Release|x64
		Release|x86 = Release|x86
	EndGlobalSection
	GlobalSection(ProjectConfigurationPlatforms) = postSolution
		{88646EB4-E4A9-4757-B6C4-B4496F518F0D}.Debug|Any CPU.ActiveCfg = Debug|Any CPU
		{88646EB4-E4A9-4757-B6C4-B4496F518F0D}.Debug|Any CPU.Build.0 = Debug|Any CPU
		{88646EB4-E4A9-4757-B6C4-B4496F518F0D}.Debug|x64.ActiveCfg = Debug|Any CPU
		{88646EB4-E4A9-4757-B6C4-B4496F518F0D}.Debug|x86.ActiveCfg = Debug|Any CPU
		{88646EB4-E4A9-4757-B6C4-B4496F518F0D}.Release|Any CPU.ActiveCfg = Release|Any CPU
		{88646EB4-E4A9-4757-B6C4-B4496F518F0D}.Release|Any CPU.Build.0 = Release|Any CPU
		{88646EB4-E4A9-4757-B6C4-B4496F518F0D}.Release|x64.ActiveCfg = Release|Any CPU
		{88646EB4-E4A9-4757-B6C4-B4496F518F0D}.Release|x86.ActiveCfg = Release|Any CPU
		{96B0D3FA-2117-4359-96A0-62B33AAAE837}.Debug|Any CPU.ActiveCfg = Debug|Any CPU
		{96B0D3FA-2117-4359-96A0-62B33AAAE837}.Debug|Any CPU.Build.0 = Debug|Any CPU
		{96B0D3FA-2117-4359-96A0-62B33AAAE837}.Debug|x64.ActiveCfg = Debug|Any CPU
		{96B0D3FA-2117-4359-96A0-62B33AAAE837}.Debug|x86.ActiveCfg = Debug|Any CPU
		{96B0D3FA-2117-4359-96A0-62B33AAAE837}.Release|Any CPU.ActiveCfg = Release|Any CPU
		{96B0D3FA-2117-4359-96A0-62B33AAAE837}.Release|Any CPU.Build.0 = Release|Any CPU
		{96B0D3FA-2117-4359-96A0-62B33AAAE837}.Release|x64.ActiveCfg = Release|Any CPU
		{96B0D3FA-2117-4359-96A0-62B33AAAE837}.Release|x86.ActiveCfg = Release|Any CPU
		{E4EE00BD-AE19-4D60-9A97-A15EC1178A27}.Debug|Any CPU.ActiveCfg = Debug|Any CPU
		{E4EE00BD-AE19-4D60-9A97-A15EC1178A27}.Debug|Any CPU.Build.0 = Debug|Any CPU
		{E4EE00BD-AE19-4D60-9A97-A15EC1178A27}.Debug|x64.ActiveCfg = Debug|Any CPU
		{E4EE00BD-AE19-4D60-9A97-A15EC1178A27}.Debug|x86.ActiveCfg = Debug|Any CPU
		{E4EE00BD-AE19-4D60-9A97-A15EC1178A27}.Release|Any CPU.ActiveCfg = Release|Any CPU
		{E4EE00BD-AE19-4D60-9A97-A15EC1178A27}.Release|Any CPU.Build.0 = Release|Any CPU
		{E4EE00BD-AE19-4D60-9A97-A15EC1178A27}.Release|x64.ActiveCfg = Release|Any CPU
		{E4EE00BD-AE19-4D60-9A97-A15EC1178A27}.Release|x86.ActiveCfg = Release|Any CPU
		{E445C140-DF24-4218-BD7B-DE736299683F}.Debug|Any CPU.ActiveCfg = Debug|Any CPU
		{E445C140-DF24-4218-BD7B-DE736299683F}.Debug|Any CPU.Build.0 = Debug|Any CPU
		{E445C140-DF24-4218-BD7B-DE736299683F}.Debug|x64.ActiveCfg = Debug|Any CPU
		{E445C140-DF24-4218-BD7B-DE736299683F}.Debug|x86.ActiveCfg = Debug|Any CPU
		{E445C140-DF24-4218-BD7B-DE736299683F}.Release|Any CPU.ActiveCfg = Release|Any CPU
		{E445C140-DF24-4218-BD7B-DE736299683F}.Release|Any CPU.Build.0 = Release|Any CPU
		{E445C140-DF24-4218-BD7B-DE736299683F}.Release|x64.ActiveCfg = Release|Any CPU
		{E445C140-DF24-4218-BD7B-DE736299683F}.Release|x86.ActiveCfg = Release|Any CPU
		{4E2A1497-BD2C-46E1-80B7-82E2B4ECA21B}.Debug|Any CPU.ActiveCfg = Debug|Any CPU
		{4E2A1497-BD2C-46E1-80B7-82E2B4ECA21B}.Debug|Any CPU.Build.0 = Debug|Any CPU
		{4E2A1497-BD2C-46E1-80B7-82E2B4ECA21B}.Debug|x64.ActiveCfg = Debug|x64
		{4E2A1497-BD2C-46E1-80B7-82E2B4ECA21B}.Debug|x64.Build.0 = Debug|x64
		{4E2A1497-BD2C-46E1-80B7-82E2B4ECA21B}.Debug|x86.ActiveCfg = Debug|x86
		{4E2A1497-BD2C-46E1-80B7-82E2B4ECA21B}.Debug|x86.Build.0 = Debug|x86
		{4E2A1497-BD2C-46E1-80B7-82E2B4ECA21B}.Release|Any CPU.ActiveCfg = Release|Any CPU
		{4E2A1497-BD2C-46E1-80B7-82E2B4ECA21B}.Release|Any CPU.Build.0 = Release|Any CPU
		{4E2A1497-BD2C-46E1-80B7-82E2B4ECA21B}.Release|x64.ActiveCfg = Release|x64
		{4E2A1497-BD2C-46E1-80B7-82E2B4ECA21B}.Release|x64.Build.0 = Release|x64
		{4E2A1497-BD2C-46E1-80B7-82E2B4ECA21B}.Release|x86.ActiveCfg = Release|x86
		{4E2A1497-BD2C-46E1-80B7-82E2B4ECA21B}.Release|x86.Build.0 = Release|x86
		{E3E3B30A-0DBD-462B-8CA0-9377AFA84381}.Debug|Any CPU.ActiveCfg = Debug|Any CPU
		{E3E3B30A-0DBD-462B-8CA0-9377AFA84381}.Debug|Any CPU.Build.0 = Debug|Any CPU
		{E3E3B30A-0DBD-462B-8CA0-9377AFA84381}.Debug|x64.ActiveCfg = Debug|x64
		{E3E3B30A-0DBD-462B-8CA0-9377AFA84381}.Debug|x64.Build.0 = Debug|x64
		{E3E3B30A-0DBD-462B-8CA0-9377AFA84381}.Debug|x86.ActiveCfg = Debug|x86
		{E3E3B30A-0DBD-462B-8CA0-9377AFA84381}.Debug|x86.Build.0 = Debug|x86
		{E3E3B30A-0DBD-462B-8CA0-9377AFA84381}.Release|Any CPU.ActiveCfg = Release|Any CPU
		{E3E3B30A-0DBD-462B-8CA0-9377AFA84381}.Release|Any CPU.Build.0 = Release|Any CPU
		{E3E3B30A-0DBD-462B-8CA0-9377AFA84381}.Release|x64.ActiveCfg = Release|x64
		{E3E3B30A-0DBD-462B-8CA0-9377AFA84381}.Release|x64.Build.0 = Release|x64
		{E3E3B30A-0DBD-462B-8CA0-9377AFA84381}.Release|x86.ActiveCfg = Release|x86
		{E3E3B30A-0DBD-462B-8CA0-9377AFA84381}.Release|x86.Build.0 = Release|x86
		{B5C5F5DC-37EC-4C34-B4EB-ED84D7EDD683}.Debug|Any CPU.ActiveCfg = Debug|Any CPU
		{B5C5F5DC-37EC-4C34-B4EB-ED84D7EDD683}.Debug|Any CPU.Build.0 = Debug|Any CPU
		{B5C5F5DC-37EC-4C34-B4EB-ED84D7EDD683}.Debug|x64.ActiveCfg = Debug|x64
		{B5C5F5DC-37EC-4C34-B4EB-ED84D7EDD683}.Debug|x64.Build.0 = Debug|x64
		{B5C5F5DC-37EC-4C34-B4EB-ED84D7EDD683}.Debug|x86.ActiveCfg = Debug|x86
		{B5C5F5DC-37EC-4C34-B4EB-ED84D7EDD683}.Debug|x86.Build.0 = Debug|x86
		{B5C5F5DC-37EC-4C34-B4EB-ED84D7EDD683}.Release|Any CPU.ActiveCfg = Release|Any CPU
		{B5C5F5DC-37EC-4C34-B4EB-ED84D7EDD683}.Release|Any CPU.Build.0 = Release|Any CPU
		{B5C5F5DC-37EC-4C34-B4EB-ED84D7EDD683}.Release|x64.ActiveCfg = Release|x64
		{B5C5F5DC-37EC-4C34-B4EB-ED84D7EDD683}.Release|x64.Build.0 = Release|x64
		{B5C5F5DC-37EC-4C34-B4EB-ED84D7EDD683}.Release|x86.ActiveCfg = Release|x86
		{B5C5F5DC-37EC-4C34-B4EB-ED84D7EDD683}.Release|x86.Build.0 = Release|x86
	EndGlobalSection
	GlobalSection(SolutionProperties) = preSolution
		HideSolutionNode = FALSE
	EndGlobalSection
EndGlobal
